
Microsoft Visual Studio Solution File, Format Version 11.00
# Visual Studio 2010
Project("{FAE04EC0-301F-11D3-BF4B-00C04F79EFBC}") = "PurchaseSchemas", "PurchaseSchemas\PurchaseSchemas.btproj", "{06C7D1B6-02F1-4BDE-9027-E808DD6C98F3}"
EndProject
Project("{FAE04EC0-301F-11D3-BF4B-00C04F79EFBC}") = "PurchaseOrchestrations", "PurchaseOrchestrations\PurchaseOrchestrations.btproj", "{6B0394F6-7346-4C86-B1EC-9BB7080AC81F}"
EndProject
Project("{FAE04EC0-301F-11D3-BF4B-00C04F79EFBC}") = "PurchaseHelper", "PurchaseLibrary\PurchaseHelper.csproj", "{01AD5D34-2AE8-4A3C-B180-B5F98F0C58AE}"
EndProject
Project("{FAE04EC0-301F-11D3-BF4B-00C04F79EFBC}") = "PurchaseMaps", "PurchaseMaps\PurchaseMaps.btproj", "{59643EF1-1670-41A4-BDBA-E111A6403DB2}"
EndProject
Project("{FAE04EC0-301F-11D3-BF4B-00C04F79EFBC}") = "WcfClient", "WcfClient\WcfClient.csproj", "{54190E09-9342-4F50-B0F4-DF99D3864879}"
EndProject
Project("{E24C65DC-7377-472B-9ABA-BC803B73C61A}") = "PurchaseExternalServices", "PurchaseExternalServices\", "{5FE83C16-FA10-4FA9-A40D-A87EAF5FC578}"
	ProjectSection(WebsiteProperties) = preProject
		TargetFrameworkMoniker = ".NETFramework,Version%3Dv4.0"
		Debug.AspNetCompiler.VirtualPath = "/PurchaseExternalServices"
		Debug.AspNetCompiler.PhysicalPath = "PurchaseExternalServices\"
		Debug.AspNetCompiler.TargetPath = "PrecompiledWeb\PurchaseExternalServices\"
		Debug.AspNetCompiler.Updateable = "true"
		Debug.AspNetCompiler.ForceOverwrite = "true"
		Debug.AspNetCompiler.KeyFile = "PurchaseSample.snk"
		Debug.AspNetCompiler.DelaySign = "false"
		Debug.AspNetCompiler.AllowPartiallyTrustedCallers = "false"
		Debug.AspNetCompiler.FixedNames = "true"
		Debug.AspNetCompiler.Debug = "True"
		Release.AspNetCompiler.VirtualPath = "/PurchaseExternalServices"
		Release.AspNetCompiler.PhysicalPath = "PurchaseExternalServices\"
		Release.AspNetCompiler.TargetPath = "PrecompiledWeb\PurchaseExternalServices\"
		Release.AspNetCompiler.Updateable = "true"
		Release.AspNetCompiler.ForceOverwrite = "true"
		Release.AspNetCompiler.KeyFile = "PurchaseSample.snk"
		Release.AspNetCompiler.DelaySign = "false"
		Release.AspNetCompiler.AllowPartiallyTrustedCallers = "false"
		Release.AspNetCompiler.FixedNames = "true"
		Release.AspNetCompiler.Debug = "False"
		DefaultWebSiteLanguage = "Visual C#"
	EndProjectSection
EndProject
Global
	GlobalSection(SolutionConfigurationPlatforms) = preSolution
		Debug|Any CPU = Debug|Any CPU
		Debug|Mixed Platforms = Debug|Mixed Platforms
		Debug|x86 = Debug|x86
		Release|Any CPU = Release|Any CPU
		Release|Mixed Platforms = Release|Mixed Platforms
		Release|x86 = Release|x86
	EndGlobalSection
	GlobalSection(ProjectConfigurationPlatforms) = postSolution
		{06C7D1B6-02F1-4BDE-9027-E808DD6C98F3}.Debug|Any CPU.ActiveCfg = Debug|Any CPU
		{06C7D1B6-02F1-4BDE-9027-E808DD6C98F3}.Debug|Any CPU.Build.0 = Debug|Any CPU
		{06C7D1B6-02F1-4BDE-9027-E808DD6C98F3}.Debug|Any CPU.Deploy.0 = Debug|Any CPU
		{06C7D1B6-02F1-4BDE-9027-E808DD6C98F3}.Debug|Mixed Platforms.ActiveCfg = Debug|Any CPU
		{06C7D1B6-02F1-4BDE-9027-E808DD6C98F3}.Debug|Mixed Platforms.Build.0 = Debug|Any CPU
		{06C7D1B6-02F1-4BDE-9027-E808DD6C98F3}.Debug|Mixed Platforms.Deploy.0 = Debug|Any CPU
		{06C7D1B6-02F1-4BDE-9027-E808DD6C98F3}.Debug|x86.ActiveCfg = Debug|Any CPU
		{06C7D1B6-02F1-4BDE-9027-E808DD6C98F3}.Release|Any CPU.ActiveCfg = Release|Any CPU
		{06C7D1B6-02F1-4BDE-9027-E808DD6C98F3}.Release|Any CPU.Build.0 = Release|Any CPU
		{06C7D1B6-02F1-4BDE-9027-E808DD6C98F3}.Release|Any CPU.Deploy.0 = Release|Any CPU
		{06C7D1B6-02F1-4BDE-9027-E808DD6C98F3}.Release|Mixed Platforms.ActiveCfg = Release|Any CPU
		{06C7D1B6-02F1-4BDE-9027-E808DD6C98F3}.Release|Mixed Platforms.Build.0 = Release|Any CPU
		{06C7D1B6-02F1-4BDE-9027-E808DD6C98F3}.Release|Mixed Platforms.Deploy.0 = Release|Any CPU
		{06C7D1B6-02F1-4BDE-9027-E808DD6C98F3}.Release|x86.ActiveCfg = Release|Any CPU
		{6B0394F6-7346-4C86-B1EC-9BB7080AC81F}.Debug|Any CPU.ActiveCfg = Debug|Any CPU
		{6B0394F6-7346-4C86-B1EC-9BB7080AC81F}.Debug|Any CPU.Build.0 = Debug|Any CPU
		{6B0394F6-7346-4C86-B1EC-9BB7080AC81F}.Debug|Any CPU.Deploy.0 = Debug|Any CPU
		{6B0394F6-7346-4C86-B1EC-9BB7080AC81F}.Debug|Mixed Platforms.ActiveCfg = Debug|Any CPU
		{6B0394F6-7346-4C86-B1EC-9BB7080AC81F}.Debug|Mixed Platforms.Build.0 = Debug|Any CPU
		{6B0394F6-7346-4C86-B1EC-9BB7080AC81F}.Debug|Mixed Platforms.Deploy.0 = Debug|Any CPU
		{6B0394F6-7346-4C86-B1EC-9BB7080AC81F}.Debug|x86.ActiveCfg = Debug|Any CPU
		{6B0394F6-7346-4C86-B1EC-9BB7080AC81F}.Release|Any CPU.ActiveCfg = Release|Any CPU
		{6B0394F6-7346-4C86-B1EC-9BB7080AC81F}.Release|Any CPU.Build.0 = Release|Any CPU
		{6B0394F6-7346-4C86-B1EC-9BB7080AC81F}.Release|Any CPU.Deploy.0 = Release|Any CPU
		{6B0394F6-7346-4C86-B1EC-9BB7080AC81F}.Release|Mixed Platforms.ActiveCfg = Release|Any CPU
		{6B0394F6-7346-4C86-B1EC-9BB7080AC81F}.Release|Mixed Platforms.Build.0 = Release|Any CPU
		{6B0394F6-7346-4C86-B1EC-9BB7080AC81F}.Release|Mixed Platforms.Deploy.0 = Release|Any CPU
		{6B0394F6-7346-4C86-B1EC-9BB7080AC81F}.Release|x86.ActiveCfg = Release|Any CPU
		{01AD5D34-2AE8-4A3C-B180-B5F98F0C58AE}.Debug|Any CPU.ActiveCfg = Debug|Any CPU
		{01AD5D34-2AE8-4A3C-B180-B5F98F0C58AE}.Debug|Any CPU.Build.0 = Debug|Any CPU
		{01AD5D34-2AE8-4A3C-B180-B5F98F0C58AE}.Debug|Mixed Platforms.ActiveCfg = Debug|Any CPU
		{01AD5D34-2AE8-4A3C-B180-B5F98F0C58AE}.Debug|Mixed Platforms.Build.0 = Debug|Any CPU
		{01AD5D34-2AE8-4A3C-B180-B5F98F0C58AE}.Debug|x86.ActiveCfg = Debug|Any CPU
		{01AD5D34-2AE8-4A3C-B180-B5F98F0C58AE}.Release|Any CPU.ActiveCfg = Release|Any CPU
		{01AD5D34-2AE8-4A3C-B180-B5F98F0C58AE}.Release|Any CPU.Build.0 = Release|Any CPU
		{01AD5D34-2AE8-4A3C-B180-B5F98F0C58AE}.Release|Mixed Platforms.ActiveCfg = Release|Any CPU
		{01AD5D34-2AE8-4A3C-B180-B5F98F0C58AE}.Release|Mixed Platforms.Build.0 = Release|Any CPU
		{01AD5D34-2AE8-4A3C-B180-B5F98F0C58AE}.Release|x86.ActiveCfg = Release|Any CPU
		{59643EF1-1670-41A4-BDBA-E111A6403DB2}.Debug|Any CPU.ActiveCfg = Debug|Any CPU
		{59643EF1-1670-41A4-BDBA-E111A6403DB2}.Debug|Any CPU.Build.0 = Debug|Any CPU
		{59643EF1-1670-41A4-BDBA-E111A6403DB2}.Debug|Any CPU.Deploy.0 = Debug|Any CPU
		{59643EF1-1670-41A4-BDBA-E111A6403DB2}.Debug|Mixed Platforms.ActiveCfg = Debug|Any CPU
		{59643EF1-1670-41A4-BDBA-E111A6403DB2}.Debug|Mixed Platforms.Build.0 = Debug|Any CPU
		{59643EF1-1670-41A4-BDBA-E111A6403DB2}.Debug|Mixed Platforms.Deploy.0 = Debug|Any CPU
		{59643EF1-1670-41A4-BDBA-E111A6403DB2}.Debug|x86.ActiveCfg = Debug|Any CPU
		{59643EF1-1670-41A4-BDBA-E111A6403DB2}.Release|Any CPU.ActiveCfg = Release|Any CPU
		{59643EF1-1670-41A4-BDBA-E111A6403DB2}.Release|Any CPU.Build.0 = Release|Any CPU
		{59643EF1-1670-41A4-BDBA-E111A6403DB2}.Release|Any CPU.Deploy.0 = Release|Any CPU
		{59643EF1-1670-41A4-BDBA-E111A6403DB2}.Release|Mixed Platforms.ActiveCfg = Release|Any CPU
		{59643EF1-1670-41A4-BDBA-E111A6403DB2}.Release|Mixed Platforms.Build.0 = Release|Any CPU
		{59643EF1-1670-41A4-BDBA-E111A6403DB2}.Release|Mixed Platforms.Deploy.0 = Release|Any CPU
		{59643EF1-1670-41A4-BDBA-E111A6403DB2}.Release|x86.ActiveCfg = Release|Any CPU
		{54190E09-9342-4F50-B0F4-DF99D3864879}.Debug|Any CPU.ActiveCfg = Debug|x86
		{54190E09-9342-4F50-B0F4-DF99D3864879}.Debug|Mixed Platforms.ActiveCfg = Debug|x86
		{54190E09-9342-4F50-B0F4-DF99D3864879}.Debug|Mixed Platforms.Build.0 = Debug|x86
		{54190E09-9342-4F50-B0F4-DF99D3864879}.Debug|x86.ActiveCfg = Debug|x86
		{54190E09-9342-4F50-B0F4-DF99D3864879}.Debug|x86.Build.0 = Debug|x86
		{54190E09-9342-4F50-B0F4-DF99D3864879}.Release|Any CPU.ActiveCfg = Release|x86
		{54190E09-9342-4F50-B0F4-DF99D3864879}.Release|Mixed Platforms.ActiveCfg = Release|x86
		{54190E09-9342-4F50-B0F4-DF99D3864879}.Release|Mixed Platforms.Build.0 = Release|x86
		{54190E09-9342-4F50-B0F4-DF99D3864879}.Release|x86.ActiveCfg = Release|x86
		{54190E09-9342-4F50-B0F4-DF99D3864879}.Release|x86.Build.0 = Release|x86
		{5FE83C16-FA10-4FA9-A40D-A87EAF5FC578}.Debug|Any CPU.ActiveCfg = Debug|Any CPU
		{5FE83C16-FA10-4FA9-A40D-A87EAF5FC578}.Debug|Any CPU.Build.0 = Debug|Any CPU
		{5FE83C16-FA10-4FA9-A40D-A87EAF5FC578}.Debug|Mixed Platforms.ActiveCfg = Debug|Any CPU
		{5FE83C16-FA10-4FA9-A40D-A87EAF5FC578}.Debug|Mixed Platforms.Build.0 = Debug|Any CPU
		{5FE83C16-FA10-4FA9-A40D-A87EAF5FC578}.Debug|x86.ActiveCfg = Debug|Any CPU
		{5FE83C16-FA10-4FA9-A40D-A87EAF5FC578}.Release|Any CPU.ActiveCfg = Debug|Any CPU
		{5FE83C16-FA10-4FA9-A40D-A87EAF5FC578}.Release|Any CPU.Build.0 = Debug|Any CPU
		{5FE83C16-FA10-4FA9-A40D-A87EAF5FC578}.Release|Mixed Platforms.ActiveCfg = Debug|Any CPU
		{5FE83C16-FA10-4FA9-A40D-A87EAF5FC578}.Release|Mixed Platforms.Build.0 = Debug|Any CPU
		{5FE83C16-FA10-4FA9-A40D-A87EAF5FC578}.Release|x86.ActiveCfg = Debug|Any CPU
	EndGlobalSection
	GlobalSection(SolutionProperties) = preSolution
		HideSolutionNode = FALSE
	EndGlobalSection
EndGlobal
